<?xml version="1.0" encoding="utf-8"?>
<Project ToolsVersion="4.0" xmlns="http://schemas.microsoft.com/developer/msbuild/2003">
  <ItemGroup>
    <Filter Include="Generated Files">
      <UniqueIdentifier>{71ED8ED8-ACB9-4CE9-BBE1-E00B30144E11}</UniqueIdentifier>
      <Extensions>cpp;c;cxx;moc;h;def;odl;idl;res;</Extensions>
    </Filter>
    <Filter Include="Generated Files">
      <UniqueIdentifier>{71ED8ED8-ACB9-4CE9-BBE1-E00B30144E11}</UniqueIdentifier>
      <Extensions>cpp;c;cxx;moc;h;def;odl;idl;res;</Extensions>
    </Filter>
    <Filter Include="Header Files">
      <UniqueIdentifier>{93995380-89BD-4b04-88EB-625FBE52EBFB}</UniqueIdentifier>
      <Extensions>h;hpp;hxx;hm;inl;inc;xsd</Extensions>
    </Filter>
    <Filter Include="Header Files">
      <UniqueIdentifier>{93995380-89BD-4b04-88EB-625FBE52EBFB}</UniqueIdentifier>
      <Extensions>h;hpp;hxx;hm;inl;inc;xsd</Extensions>
    </Filter>
    <Filter Include="Source Files">
      <UniqueIdentifier>{4FC737F1-C7A5-4376-A066-2A32D752A2FF}</UniqueIdentifier>
      <Extensions>cpp;c;cxx;def;odl;idl;hpj;bat;asm;asmx</Extensions>
    </Filter>
    <Filter Include="Source Files">
      <UniqueIdentifier>{4FC737F1-C7A5-4376-A066-2A32D752A2FF}</UniqueIdentifier>
      <Extensions>cpp;c;cxx;def;odl;idl;hpj;bat;asm;asmx</Extensions>
    </Filter>
    <Filter Include="Generated Files\Debug">
      <UniqueIdentifier>{5a8822c4-14e2-43fb-bfdc-e20cbf51714c}</UniqueIdentifier>
      <Extensions>cpp;moc</Extensions>
      <SourceControlFiles>False</SourceControlFiles>
    </Filter>
    <Filter Include="Generated Files\Release">
      <UniqueIdentifier>{e1e731cc-8dab-4eff-8612-072b5d5fe56a}</UniqueIdentifier>
      <Extensions>cpp;moc</Extensions>
      <SourceControlFiles>False</SourceControlFiles>
    </Filter>
  </ItemGroup>
  <ItemGroup>
    <ClCompile Include="graphprimitiveprop.cpp">
      <Filter>Source Files</Filter>
    </ClCompile>
    <ClCompile Include="kresizefocus.cpp">
      <Filter>Source Files</Filter>
    </ClCompile>
    <ClCompile Include="kunititem.cpp">
      <Filter>Source Files</Filter>
    </ClCompile>
    <ClCompile Include="svgNodeElementImpl\svgcircleelement.cpp">
      <Filter>Source Files</Filter>
    </ClCompile>
    <ClCompile Include="svgNodeElementImpl\svgellipseelement.cpp">
      <Filter>Source Files</Filter>
    </ClCompile>
    <ClCompile Include="svgNodeElementImpl\svglineelement.cpp">
      <Filter>Source Files</Filter>
    </ClCompile>
    <ClCompile Include="svgnode.cpp">
      <Filter>Source Files</Filter>
    </ClCompile>
    <ClCompile Include="svgnodecontainer.cpp">
      <Filter>Source Files</Filter>
    </ClCompile>
    <ClCompile Include="svgnodeelement.cpp">
      <Filter>Source Files</Filter>
    </ClCompile>
    <ClCompile Include="svgnodeelementfactory.cpp">
      <Filter>Source Files</Filter>
    </ClCompile>
    <ClCompile Include="svgnodemanager.cpp">
      <Filter>Source Files</Filter>
    </ClCompile>
    <ClCompile Include="svgNodeElementImpl\svgpathelement.cpp">
      <Filter>Source Files</Filter>
    </ClCompile>
    <ClCompile Include="svgNodeElementImpl\svgpolygonelement.cpp">
      <Filter>Source Files</Filter>
    </ClCompile>
    <ClCompile Include="svgNodeElementImpl\svgpolylineelement.cpp">
      <Filter>Source Files</Filter>
    </ClCompile>
    <ClCompile Include="svgNodeElementImpl\svgrectelement.cpp">
      <Filter>Source Files</Filter>
    </ClCompile>
    <ClCompile Include="Debug\moc_svgcircleelement.cpp">
      <Filter>Generated Files\Debug</Filter>
    </ClCompile>
    <ClCompile Include="Release\moc_svgcircleelement.cpp">
      <Filter>Generated Files\Release</Filter>
    </ClCompile>
    <ClCompile Include="Debug\moc_svgellipseelement.cpp">
      <Filter>Generated Files\Debug</Filter>
    </ClCompile>
    <ClCompile Include="Release\moc_svgellipseelement.cpp">
      <Filter>Generated Files\Release</Filter>
    </ClCompile>
    <ClCompile Include="Debug\moc_svglineelement.cpp">
      <Filter>Generated Files\Debug</Filter>
    </ClCompile>
    <ClCompile Include="Release\moc_svglineelement.cpp">
      <Filter>Generated Files\Release</Filter>
    </ClCompile>
    <ClCompile Include="Debug\moc_svgnode.cpp">
      <Filter>Generated Files\Debug</Filter>
    </ClCompile>
    <ClCompile Include="Release\moc_svgnode.cpp">
      <Filter>Generated Files\Release</Filter>
    </ClCompile>
    <ClCompile Include="Debug\moc_svgnodecontainer.cpp">
      <Filter>Generated Files\Debug</Filter>
    </ClCompile>
    <ClCompile Include="Release\moc_svgnodecontainer.cpp">
      <Filter>Generated Files\Release</Filter>
    </ClCompile>
    <ClCompile Include="Debug\moc_svgnodeelement.cpp">
      <Filter>Generated Files\Debug</Filter>
    </ClCompile>
    <ClCompile Include="Release\moc_svgnodeelement.cpp">
      <Filter>Generated Files\Release</Filter>
    </ClCompile>
    <ClCompile Include="Debug\moc_svgpathelement.cpp">
      <Filter>Generated Files\Debug</Filter>
    </ClCompile>
    <ClCompile Include="Release\moc_svgpathelement.cpp">
      <Filter>Generated Files\Release</Filter>
    </ClCompile>
    <ClCompile Include="Debug\moc_svgpolygonelement.cpp">
      <Filter>Generated Files\Debug</Filter>
    </ClCompile>
    <ClCompile Include="Release\moc_svgpolygonelement.cpp">
      <Filter>Generated Files\Release</Filter>
    </ClCompile>
    <ClCompile Include="Debug\moc_svgpolylineelement.cpp">
      <Filter>Generated Files\Debug</Filter>
    </ClCompile>
    <ClCompile Include="Release\moc_svgpolylineelement.cpp">
      <Filter>Generated Files\Release</Filter>
    </ClCompile>
    <ClCompile Include="Debug\moc_svgrectelement.cpp">
      <Filter>Generated Files\Debug</Filter>
    </ClCompile>
    <ClCompile Include="Release\moc_svgrectelement.cpp">
      <Filter>Generated Files\Release</Filter>
    </ClCompile>
  </ItemGroup>
  <ItemGroup>
    <ClInclude Include="entity_global.h">
      <Filter>Header Files</Filter>
    </ClInclude>
    <ClInclude Include="graphprimitiveprop.h">
      <Filter>Header Files</Filter>
    </ClInclude>
    <ClInclude Include="kresizefocus.h">
      <Filter>Header Files</Filter>
    </ClInclude>
    <ClInclude Include="kunititem.h">
      <Filter>Header Files</Filter>
    </ClInclude>
    <ClInclude Include="node.h">
      <Filter>Header Files</Filter>
    </ClInclude>
    <CustomBuild Include="svgNodeElementImpl\svgcircleelement.h">
      <Filter>Header Files</Filter>
    </CustomBuild>
    <CustomBuild Include="svgNodeElementImpl\svgellipseelement.h">
      <Filter>Header Files</Filter>
    </CustomBuild>
    <CustomBuild Include="svgNodeElementImpl\svglineelement.h">
      <Filter>Header Files</Filter>
    </CustomBuild>
    <CustomBuild Include="svgnode.h">
      <Filter>Header Files</Filter>
    </CustomBuild>
    <CustomBuild Include="svgnodecontainer.h">
      <Filter>Header Files</Filter>
    </CustomBuild>
    <CustomBuild Include="svgnodeelement.h">
      <Filter>Header Files</Filter>
    </CustomBuild>
    <ClInclude Include="svgnodeelementfactory.h">
      <Filter>Header Files</Filter>
    </ClInclude>
    <ClInclude Include="svgnodemanager.h">
      <Filter>Header Files</Filter>
    </ClInclude>
    <CustomBuild Include="svgNodeElementImpl\svgpathelement.h">
      <Filter>Header Files</Filter>
    </CustomBuild>
    <CustomBuild Include="svgNodeElementImpl\svgpolygonelement.h">
      <Filter>Header Files</Filter>
    </CustomBuild>
    <CustomBuild Include="svgNodeElementImpl\svgpolylineelement.h">
      <Filter>Header Files</Filter>
    </CustomBuild>
    <CustomBuild Include="svgNodeElementImpl\svgrectelement.h">
      <Filter>Header Files</Filter>
    </CustomBuild>
  </ItemGroup>
</Project>